
Microsoft Visual Studio Solution File, Format Version 12.00
# Visual Studio Version 17
VisualStudioVersion = 17.2.32526.322
MinimumVisualStudioVersion = 10.0.40219.1
Project("{FAE04EC0-301F-11D3-BF4B-00C04F79EFBC}") = "University_Application", "University_Application\University_Application.csproj", "{18C69442-9030-4F9B-9BAB-FA55D2C468F5}"
EndProject
Global
	GlobalSection(SolutionConfigurationPlatforms) = preSolution
		Debug|Any CPU = Debug|Any CPU
		Release|Any CPU = Release|Any CPU
	EndGlobalSection
	GlobalSection(ProjectConfigurationPlatforms) = postSolution
		{18C69442-9030-4F9B-9BAB-FA55D2C468F5}.Debug|Any CPU.ActiveCfg = Debug|Any CPU
		{18C69442-9030-4F9B-9BAB-FA55D2C468F5}.Debug|Any CPU.Build.0 = Debug|Any CPU
		{18C69442-9030-4F9B-9BAB-FA55D2C468F5}.Release|Any CPU.ActiveCfg = Release|Any CPU
		{18C69442-9030-4F9B-9BAB-FA55D2C468F5}.Release|Any CPU.Build.0 = Release|Any CPU
	EndGlobalSection
	GlobalSection(SolutionProperties) = preSolution
		HideSolutionNode = FALSE
	EndGlobalSection
	GlobalSection(ExtensibilityGlobals) = postSolution
		SolutionGuid = {15656843-A216-4DD1-963A-3E73C8FF8822}
	EndGlobalSection
EndGlobal
