
Microsoft Visual Studio Solution File, Format Version 12.00
# Visual Studio Version 17
VisualStudioVersion = 17.2.32526.322
MinimumVisualStudioVersion = 10.0.40219.1
Project("{FAE04EC0-301F-11D3-BF4B-00C04F79EFBC}") = "CodeBasedEvaluation_06", "CodeBasedEvaluation_06\CodeBasedEvaluation_06.csproj", "{AE2E0557-9404-4DCD-BE4D-162121E9D268}"
EndProject
Global
	GlobalSection(SolutionConfigurationPlatforms) = preSolution
		Debug|Any CPU = Debug|Any CPU
		Release|Any CPU = Release|Any CPU
	EndGlobalSection
	GlobalSection(ProjectConfigurationPlatforms) = postSolution
		{AE2E0557-9404-4DCD-BE4D-162121E9D268}.Debug|Any CPU.ActiveCfg = Debug|Any CPU
		{AE2E0557-9404-4DCD-BE4D-162121E9D268}.Debug|Any CPU.Build.0 = Debug|Any CPU
		{AE2E0557-9404-4DCD-BE4D-162121E9D268}.Release|Any CPU.ActiveCfg = Release|Any CPU
		{AE2E0557-9404-4DCD-BE4D-162121E9D268}.Release|Any CPU.Build.0 = Release|Any CPU
	EndGlobalSection
	GlobalSection(SolutionProperties) = preSolution
		HideSolutionNode = FALSE
	EndGlobalSection
	GlobalSection(ExtensibilityGlobals) = postSolution
		SolutionGuid = {948B658D-6812-4100-A331-787C34B408A4}
	EndGlobalSection
EndGlobal
